# THIS IS AN AUTOGENERATED FILE. DO NOT EDIT THIS FILE DIRECTLY.
# yarn lockfile v1


esbuild@^0.5.3:
  version "0.5.3"
  resolved "https://registry.yarnpkg.com/esbuild/-/esbuild-0.5.3.tgz#18f5bdb618220c6f14bcb1cf5af528d02d4734c9"
  integrity sha512-RVzTK62svYjnh+agJRh+NWfZX74iKwFNUX52cF7Mo4QPS6bKxP1o+8GacPUMND2QnodVp2D3nKJs8gLspSfZzA==
